{
  "name": "frontend",
  "version": "3.0.0",
  "lockfileVersion": 1,
  "requires": true,
  "dependencies": {
    "vuetify": {
      "version": "1.5.18",
      "resolved": "https://registry.npmjs.org/vuetify/-/vuetify-1.5.18.tgz",
      "integrity": "sha512-TLtVYBlajKk+I99rUvQ7c/qlSJ3gqZZKkBaVWXy5bIDFzUyIChIIcaZM7k+J/JumxQYJqnJ9H24rAjddemWalQ=="
    }
  }
}
